// !$*UTF8*$!
{
	archiveVersion = 1;
	classes = {
	};
	objectVersion = 46;
	objects = {

/* Begin PBXBuildFile section */
		233A7E702019DF3200076A43 /* NSTbleView6.m in Sources */ = {isa = PBXBuildFile; fileRef = 233A7E6F2019DF3200076A43 /* NSTbleView6.m */; };
		233C006E20130B3000C6A6D8 /* AppDelegate.m in Sources */ = {isa = PBXBuildFile; fileRef = 233C006D20130B3000C6A6D8 /* AppDelegate.m */; };
		233C007120130B3000C6A6D8 /* main.m in Sources */ = {isa = PBXBuildFile; fileRef = 233C007020130B3000C6A6D8 /* main.m */; };
		233C007420130B3000C6A6D8 /* ViewController.m in Sources */ = {isa = PBXBuildFile; fileRef = 233C007320130B3000C6A6D8 /* ViewController.m */; };
		233C007620130B3000C6A6D8 /* Assets.xcassets in Resources */ = {isa = PBXBuildFile; fileRef = 233C007520130B3000C6A6D8 /* Assets.xcassets */; };
		233C007920130B3000C6A6D8 /* Main.storyboard in Resources */ = {isa = PBXBuildFile; fileRef = 233C007720130B3000C6A6D8 /* Main.storyboard */; };
		233C008420130B3000C6A6D8 /* SplitViewProjectTests.m in Sources */ = {isa = PBXBuildFile; fileRef = 233C008320130B3000C6A6D8 /* SplitViewProjectTests.m */; };
		233C008F20130B3000C6A6D8 /* SplitViewProjectUITests.m in Sources */ = {isa = PBXBuildFile; fileRef = 233C008E20130B3000C6A6D8 /* SplitViewProjectUITests.m */; };
		233C00A120130E7B00C6A6D8 /* BackView.m in Sources */ = {isa = PBXBuildFile; fileRef = 233C00A020130E7B00C6A6D8 /* BackView.m */; };
		233C00A420132F7A00C6A6D8 /* NSTbleView1.m in Sources */ = {isa = PBXBuildFile; fileRef = 233C00A320132F7A00C6A6D8 /* NSTbleView1.m */; };
		233C00A720132FDF00C6A6D8 /* NSTbleView2.m in Sources */ = {isa = PBXBuildFile; fileRef = 233C00A620132FDF00C6A6D8 /* NSTbleView2.m */; };
		233C00AA2013300900C6A6D8 /* NSViewCtrlLeft.m in Sources */ = {isa = PBXBuildFile; fileRef = 233C00A92013300900C6A6D8 /* NSViewCtrlLeft.m */; };
		233C00AD2013304D00C6A6D8 /* NSViewCtrlRight.m in Sources */ = {isa = PBXBuildFile; fileRef = 233C00AC2013304D00C6A6D8 /* NSViewCtrlRight.m */; };
		233C00B020135D7800C6A6D8 /* NSTbleView3.m in Sources */ = {isa = PBXBuildFile; fileRef = 233C00AF20135D7800C6A6D8 /* NSTbleView3.m */; };
		233C00B32013A09300C6A6D8 /* NSTbleView4.m in Sources */ = {isa = PBXBuildFile; fileRef = 233C00B22013A09300C6A6D8 /* NSTbleView4.m */; };
		233FEA262015714E0076BFC4 /* appInfo.m in Sources */ = {isa = PBXBuildFile; fileRef = 233FEA252015714E0076BFC4 /* appInfo.m */; };
		233FEA2920158A8A0076BFC4 /* NSTbleView5.m in Sources */ = {isa = PBXBuildFile; fileRef = 233FEA2820158A8A0076BFC4 /* NSTbleView5.m */; };
		23F13F22201CE67D0056698D /* RowTableView.m in Sources */ = {isa = PBXBuildFile; fileRef = 23F13F21201CE67D0056698D /* RowTableView.m */; };
/* End PBXBuildFile section */

/* Begin PBXContainerItemProxy section */
		233C008020130B3000C6A6D8 /* PBXContainerItemProxy */ = {
			isa = PBXContainerItemProxy;
			containerPortal = 233C006120130B3000C6A6D8 /* Project object */;
			proxyType = 1;
			remoteGlobalIDString = 233C006820130B3000C6A6D8;
			remoteInfo = SplitViewProject;
		};
		233C008B20130B3000C6A6D8 /* PBXContainerItemProxy */ = {
			isa = PBXContainerItemProxy;
			containerPortal = 233C006120130B3000C6A6D8 /* Project object */;
			proxyType = 1;
			remoteGlobalIDString = 233C006820130B3000C6A6D8;
			remoteInfo = SplitViewProject;
		};
/* End PBXContainerItemProxy section */

/* Begin PBXFileReference section */
		233A7E6E2019DF3200076A43 /* NSTbleView6.h */ = {isa = PBXFileReference; fileEncoding = 4; lastKnownFileType = sourcecode.c.h; path = NSTbleView6.h; sourceTree = "<group>"; };
		233A7E6F2019DF3200076A43 /* NSTbleView6.m */ = {isa = PBXFileReference; fileEncoding = 4; lastKnownFileType = sourcecode.c.objc; path = NSTbleView6.m; sourceTree = "<group>"; };
		233C006920130B3000C6A6D8 /* SplitViewProject.app */ = {isa = PBXFileReference; explicitFileType = wrapper.application; includeInIndex = 0; path = SplitViewProject.app; sourceTree = BUILT_PRODUCTS_DIR; };
		233C006C20130B3000C6A6D8 /* AppDelegate.h */ = {isa = PBXFileReference; lastKnownFileType = sourcecode.c.h; path = AppDelegate.h; sourceTree = "<group>"; };
		233C006D20130B3000C6A6D8 /* AppDelegate.m */ = {isa = PBXFileReference; lastKnownFileType = sourcecode.c.objc; path = AppDelegate.m; sourceTree = "<group>"; };
		233C007020130B3000C6A6D8 /* main.m */ = {isa = PBXFileReference; lastKnownFileType = sourcecode.c.objc; path = main.m; sourceTree = "<group>"; };
		233C007220130B3000C6A6D8 /* ViewController.h */ = {isa = PBXFileReference; lastKnownFileType = sourcecode.c.h; path = ViewController.h; sourceTree = "<group>"; };
		233C007320130B3000C6A6D8 /* ViewController.m */ = {isa = PBXFileReference; lastKnownFileType = sourcecode.c.objc; path = ViewController.m; sourceTree = "<group>"; };
		233C007520130B3000C6A6D8 /* Assets.xcassets */ = {isa = PBXFileReference; lastKnownFileType = folder.assetcatalog; path = Assets.xcassets; sourceTree = "<group>"; };
		233C007820130B3000C6A6D8 /* Base */ = {isa = PBXFileReference; lastKnownFileType = file.storyboard; name = Base; path = Base.lproj/Main.storyboard; sourceTree = "<group>"; };
		233C007A20130B3000C6A6D8 /* Info.plist */ = {isa = PBXFileReference; lastKnownFileType = text.plist.xml; path = Info.plist; sourceTree = "<group>"; };
		233C007F20130B3000C6A6D8 /* SplitViewProjectTests.xctest */ = {isa = PBXFileReference; explicitFileType = wrapper.cfbundle; includeInIndex = 0; path = SplitViewProjectTests.xctest; sourceTree = BUILT_PRODUCTS_DIR; };
		233C008320130B3000C6A6D8 /* SplitViewProjectTests.m */ = {isa = PBXFileReference; lastKnownFileType = sourcecode.c.objc; path = SplitViewProjectTests.m; sourceTree = "<group>"; };
		233C008520130B3000C6A6D8 /* Info.plist */ = {isa = PBXFileReference; lastKnownFileType = text.plist.xml; path = Info.plist; sourceTree = "<group>"; };
		233C008A20130B3000C6A6D8 /* SplitViewProjectUITests.xctest */ = {isa = PBXFileReference; explicitFileType = wrapper.cfbundle; includeInIndex = 0; path = SplitViewProjectUITests.xctest; sourceTree = BUILT_PRODUCTS_DIR; };
		233C008E20130B3000C6A6D8 /* SplitViewProjectUITests.m */ = {isa = PBXFileReference; lastKnownFileType = sourcecode.c.objc; path = SplitViewProjectUITests.m; sourceTree = "<group>"; };
		233C009020130B3000C6A6D8 /* Info.plist */ = {isa = PBXFileReference; lastKnownFileType = text.plist.xml; path = Info.plist; sourceTree = "<group>"; };
		233C009F20130E7B00C6A6D8 /* BackView.h */ = {isa = PBXFileReference; fileEncoding = 4; lastKnownFileType = sourcecode.c.h; path = BackView.h; sourceTree = "<group>"; };
		233C00A020130E7B00C6A6D8 /* BackView.m */ = {isa = PBXFileReference; fileEncoding = 4; lastKnownFileType = sourcecode.c.objc; path = BackView.m; sourceTree = "<group>"; };
		233C00A220132F7A00C6A6D8 /* NSTbleView1.h */ = {isa = PBXFileReference; fileEncoding = 4; lastKnownFileType = sourcecode.c.h; path = NSTbleView1.h; sourceTree = "<group>"; };
		233C00A320132F7A00C6A6D8 /* NSTbleView1.m */ = {isa = PBXFileReference; fileEncoding = 4; lastKnownFileType = sourcecode.c.objc; path = NSTbleView1.m; sourceTree = "<group>"; };
		233C00A520132FDF00C6A6D8 /* NSTbleView2.h */ = {isa = PBXFileReference; fileEncoding = 4; lastKnownFileType = sourcecode.c.h; path = NSTbleView2.h; sourceTree = "<group>"; };
		233C00A620132FDF00C6A6D8 /* NSTbleView2.m */ = {isa = PBXFileReference; fileEncoding = 4; lastKnownFileType = sourcecode.c.objc; path = NSTbleView2.m; sourceTree = "<group>"; };
		233C00A82013300900C6A6D8 /* NSViewCtrlLeft.h */ = {isa = PBXFileReference; fileEncoding = 4; lastKnownFileType = sourcecode.c.h; path = NSViewCtrlLeft.h; sourceTree = "<group>"; };
		233C00A92013300900C6A6D8 /* NSViewCtrlLeft.m */ = {isa = PBXFileReference; fileEncoding = 4; lastKnownFileType = sourcecode.c.objc; path = NSViewCtrlLeft.m; sourceTree = "<group>"; };
		233C00AB2013304D00C6A6D8 /* NSViewCtrlRight.h */ = {isa = PBXFileReference; fileEncoding = 4; lastKnownFileType = sourcecode.c.h; path = NSViewCtrlRight.h; sourceTree = "<group>"; };
		233C00AC2013304D00C6A6D8 /* NSViewCtrlRight.m */ = {isa = PBXFileReference; fileEncoding = 4; lastKnownFileType = sourcecode.c.objc; path = NSViewCtrlRight.m; sourceTree = "<group>"; };
		233C00AE20135D7800C6A6D8 /* NSTbleView3.h */ = {isa = PBXFileReference; fileEncoding = 4; lastKnownFileType = sourcecode.c.h; path = NSTbleView3.h; sourceTree = "<group>"; };
		233C00AF20135D7800C6A6D8 /* NSTbleView3.m */ = {isa = PBXFileReference; fileEncoding = 4; lastKnownFileType = sourcecode.c.objc; path = NSTbleView3.m; sourceTree = "<group>"; };
		233C00B12013A09300C6A6D8 /* NSTbleView4.h */ = {isa = PBXFileReference; fileEncoding = 4; lastKnownFileType = sourcecode.c.h; path = NSTbleView4.h; sourceTree = "<group>"; };
		233C00B22013A09300C6A6D8 /* NSTbleView4.m */ = {isa = PBXFileReference; fileEncoding = 4; lastKnownFileType = sourcecode.c.objc; path = NSTbleView4.m; sourceTree = "<group>"; };
		233FEA242015714E0076BFC4 /* appInfo.h */ = {isa = PBXFileReference; fileEncoding = 4; lastKnownFileType = sourcecode.c.h; path = appInfo.h; sourceTree = "<group>"; };
		233FEA252015714E0076BFC4 /* appInfo.m */ = {isa = PBXFileReference; fileEncoding = 4; lastKnownFileType = sourcecode.c.objc; path = appInfo.m; sourceTree = "<group>"; };
		233FEA2720158A8A0076BFC4 /* NSTbleView5.h */ = {isa = PBXFileReference; fileEncoding = 4; lastKnownFileType = sourcecode.c.h; path = NSTbleView5.h; sourceTree = "<group>"; };
		233FEA2820158A8A0076BFC4 /* NSTbleView5.m */ = {isa = PBXFileReference; fileEncoding = 4; lastKnownFileType = sourcecode.c.objc; path = NSTbleView5.m; sourceTree = "<group>"; };
		23F13F20201CE67D0056698D /* RowTableView.h */ = {isa = PBXFileReference; fileEncoding = 4; lastKnownFileType = sourcecode.c.h; path = RowTableView.h; sourceTree = "<group>"; };
		23F13F21201CE67D0056698D /* RowTableView.m */ = {isa = PBXFileReference; fileEncoding = 4; lastKnownFileType = sourcecode.c.objc; path = RowTableView.m; sourceTree = "<group>"; };
/* End PBXFileReference section */

/* Begin PBXFrameworksBuildPhase section */
		233C006620130B3000C6A6D8 /* Frameworks */ = {
			isa = PBXFrameworksBuildPhase;
			buildActionMask = 2147483647;
			files = (
			);
			runOnlyForDeploymentPostprocessing = 0;
		};
		233C007C20130B3000C6A6D8 /* Frameworks */ = {
			isa = PBXFrameworksBuildPhase;
			buildActionMask = 2147483647;
			files = (
			);
			runOnlyForDeploymentPostprocessing = 0;
		};
		233C008720130B3000C6A6D8 /* Frameworks */ = {
			isa = PBXFrameworksBuildPhase;
			buildActionMask = 2147483647;
			files = (
			);
			runOnlyForDeploymentPostprocessing = 0;
		};
/* End PBXFrameworksBuildPhase section */

/* Begin PBXGroup section */
		233C006020130B3000C6A6D8 = {
			isa = PBXGroup;
			children = (
				233C006B20130B3000C6A6D8 /* SplitViewProject */,
				233C008220130B3000C6A6D8 /* SplitViewProjectTests */,
				233C008D20130B3000C6A6D8 /* SplitViewProjectUITests */,
				233C006A20130B3000C6A6D8 /* Products */,
			);
			sourceTree = "<group>";
		};
		233C006A20130B3000C6A6D8 /* Products */ = {
			isa = PBXGroup;
			children = (
				233C006920130B3000C6A6D8 /* SplitViewProject.app */,
				233C007F20130B3000C6A6D8 /* SplitViewProjectTests.xctest */,
				233C008A20130B3000C6A6D8 /* SplitViewProjectUITests.xctest */,
			);
			name = Products;
			sourceTree = "<group>";
		};
		233C006B20130B3000C6A6D8 /* SplitViewProject */ = {
			isa = PBXGroup;
			children = (
				233C006C20130B3000C6A6D8 /* AppDelegate.h */,
				233C006D20130B3000C6A6D8 /* AppDelegate.m */,
				233C007220130B3000C6A6D8 /* ViewController.h */,
				233C007320130B3000C6A6D8 /* ViewController.m */,
				233C007520130B3000C6A6D8 /* Assets.xcassets */,
				233C007720130B3000C6A6D8 /* Main.storyboard */,
				233C007A20130B3000C6A6D8 /* Info.plist */,
				233C006F20130B3000C6A6D8 /* Supporting Files */,
				233C009F20130E7B00C6A6D8 /* BackView.h */,
				233C00A020130E7B00C6A6D8 /* BackView.m */,
				233C00A220132F7A00C6A6D8 /* NSTbleView1.h */,
				233C00A320132F7A00C6A6D8 /* NSTbleView1.m */,
				233C00A520132FDF00C6A6D8 /* NSTbleView2.h */,
				233C00A620132FDF00C6A6D8 /* NSTbleView2.m */,
				233C00A82013300900C6A6D8 /* NSViewCtrlLeft.h */,
				233C00A92013300900C6A6D8 /* NSViewCtrlLeft.m */,
				233C00AB2013304D00C6A6D8 /* NSViewCtrlRight.h */,
				233C00AC2013304D00C6A6D8 /* NSViewCtrlRight.m */,
				233C00AE20135D7800C6A6D8 /* NSTbleView3.h */,
				233C00AF20135D7800C6A6D8 /* NSTbleView3.m */,
				233C00B12013A09300C6A6D8 /* NSTbleView4.h */,
				233C00B22013A09300C6A6D8 /* NSTbleView4.m */,
				233FEA242015714E0076BFC4 /* appInfo.h */,
				233FEA252015714E0076BFC4 /* appInfo.m */,
				233FEA2720158A8A0076BFC4 /* NSTbleView5.h */,
				233FEA2820158A8A0076BFC4 /* NSTbleView5.m */,
				233A7E6E2019DF3200076A43 /* NSTbleView6.h */,
				233A7E6F2019DF3200076A43 /* NSTbleView6.m */,
				23F13F20201CE67D0056698D /* RowTableView.h */,
				23F13F21201CE67D0056698D /* RowTableView.m */,
			);
			path = SplitViewProject;
			sourceTree = "<group>";
		};
		233C006F20130B3000C6A6D8 /* Supporting Files */ = {
			isa = PBXGroup;
			children = (
				233C007020130B3000C6A6D8 /* main.m */,
			);
			name = "Supporting Files";
			sourceTree = "<group>";
		};
		233C008220130B3000C6A6D8 /* SplitViewProjectTests */ = {
			isa = PBXGroup;
			children = (
				233C008320130B3000C6A6D8 /* SplitViewProjectTests.m */,
				233C008520130B3000C6A6D8 /* Info.plist */,
			);
			path = SplitViewProjectTests;
			sourceTree = "<group>";
		};
		233C008D20130B3000C6A6D8 /* SplitViewProjectUITests */ = {
			isa = PBXGroup;
			children = (
				233C008E20130B3000C6A6D8 /* SplitViewProjectUITests.m */,
				233C009020130B3000C6A6D8 /* Info.plist */,
			);
			path = SplitViewProjectUITests;
			sourceTree = "<group>";
		};
/* End PBXGroup section */

/* Begin PBXNativeTarget section */
		233C006820130B3000C6A6D8 /* SplitViewProject */ = {
			isa = PBXNativeTarget;
			buildConfigurationList = 233C009320130B3000C6A6D8 /* Build configuration list for PBXNativeTarget "SplitViewProject" */;
			buildPhases = (
				233C006520130B3000C6A6D8 /* Sources */,
				233C006620130B3000C6A6D8 /* Frameworks */,
				233C006720130B3000C6A6D8 /* Resources */,
			);
			buildRules = (
			);
			dependencies = (
			);
			name = SplitViewProject;
			productName = SplitViewProject;
			productReference = 233C006920130B3000C6A6D8 /* SplitViewProject.app */;
			productType = "com.apple.product-type.application";
		};
		233C007E20130B3000C6A6D8 /* SplitViewProjectTests */ = {
			isa = PBXNativeTarget;
			buildConfigurationList = 233C009620130B3000C6A6D8 /* Build configuration list for PBXNativeTarget "SplitViewProjectTests" */;
			buildPhases = (
				233C007B20130B3000C6A6D8 /* Sources */,
				233C007C20130B3000C6A6D8 /* Frameworks */,
				233C007D20130B3000C6A6D8 /* Resources */,
			);
			buildRules = (
			);
			dependencies = (
				233C008120130B3000C6A6D8 /* PBXTargetDependency */,
			);
			name = SplitViewProjectTests;
			productName = SplitViewProjectTests;
			productReference = 233C007F20130B3000C6A6D8 /* SplitViewProjectTests.xctest */;
			productType = "com.apple.product-type.bundle.unit-test";
		};
		233C008920130B3000C6A6D8 /* SplitViewProjectUITests */ = {
			isa = PBXNativeTarget;
			buildConfigurationList = 233C009920130B3000C6A6D8 /* Build configuration list for PBXNativeTarget "SplitViewProjectUITests" */;
			buildPhases = (
				233C008620130B3000C6A6D8 /* Sources */,
				233C008720130B3000C6A6D8 /* Frameworks */,
				233C008820130B3000C6A6D8 /* Resources */,
			);
			buildRules = (
			);
			dependencies = (
				233C008C20130B3000C6A6D8 /* PBXTargetDependency */,
			);
			name = SplitViewProjectUITests;
			productName = SplitViewProjectUITests;
			productReference = 233C008A20130B3000C6A6D8 /* SplitViewProjectUITests.xctest */;
			productType = "com.apple.product-type.bundle.ui-testing";
		};
/* End PBXNativeTarget section */

/* Begin PBXProject section */
		233C006120130B3000C6A6D8 /* Project object */ = {
			isa = PBXProject;
			attributes = {
				LastUpgradeCheck = 0730;
				ORGANIZATIONNAME = "Ganesh Bawaskar";
				TargetAttributes = {
					233C006820130B3000C6A6D8 = {
						CreatedOnToolsVersion = 7.3.1;
					};
					233C007E20130B3000C6A6D8 = {
						CreatedOnToolsVersion = 7.3.1;
						TestTargetID = 233C006820130B3000C6A6D8;
					};
					233C008920130B3000C6A6D8 = {
						CreatedOnToolsVersion = 7.3.1;
						TestTargetID = 233C006820130B3000C6A6D8;
					};
				};
			};
			buildConfigurationList = 233C006420130B3000C6A6D8 /* Build configuration list for PBXProject "SplitViewProject" */;
			compatibilityVersion = "Xcode 3.2";
			developmentRegion = English;
			hasScannedForEncodings = 0;
			knownRegions = (
				en,
				Base,
			);
			mainGroup = 233C006020130B3000C6A6D8;
			productRefGroup = 233C006A20130B3000C6A6D8 /* Products */;
			projectDirPath = "";
			projectRoot = "";
			targets = (
				233C006820130B3000C6A6D8 /* SplitViewProject */,
				233C007E20130B3000C6A6D8 /* SplitViewProjectTests */,
				233C008920130B3000C6A6D8 /* SplitViewProjectUITests */,
			);
		};
/* End PBXProject section */

/* Begin PBXResourcesBuildPhase section */
		233C006720130B3000C6A6D8 /* Resources */ = {
			isa = PBXResourcesBuildPhase;
			buildActionMask = 2147483647;
			files = (
				233C007620130B3000C6A6D8 /* Assets.xcassets in Resources */,
				233C007920130B3000C6A6D8 /* Main.storyboard in Resources */,
			);
			runOnlyForDeploymentPostprocessing = 0;
		};
		233C007D20130B3000C6A6D8 /* Resources */ = {
			isa = PBXResourcesBuildPhase;
			buildActionMask = 2147483647;
			files = (
			);
			runOnlyForDeploymentPostprocessing = 0;
		};
		233C008820130B3000C6A6D8 /* Resources */ = {
			isa = PBXResourcesBuildPhase;
			buildActionMask = 2147483647;
			files = (
			);
			runOnlyForDeploymentPostprocessing = 0;
		};
/* End PBXResourcesBuildPhase section */

/* Begin PBXSourcesBuildPhase section */
		233C006520130B3000C6A6D8 /* Sources */ = {
			isa = PBXSourcesBuildPhase;
			buildActionMask = 2147483647;
			files = (
				233FEA262015714E0076BFC4 /* appInfo.m in Sources */,
				233C007420130B3000C6A6D8 /* ViewController.m in Sources */,
				233C00A720132FDF00C6A6D8 /* NSTbleView2.m in Sources */,
				233A7E702019DF3200076A43 /* NSTbleView6.m in Sources */,
				23F13F22201CE67D0056698D /* RowTableView.m in Sources */,
				233C00A420132F7A00C6A6D8 /* NSTbleView1.m in Sources */,
				233FEA2920158A8A0076BFC4 /* NSTbleView5.m in Sources */,
				233C00AD2013304D00C6A6D8 /* NSViewCtrlRight.m in Sources */,
				233C00B020135D7800C6A6D8 /* NSTbleView3.m in Sources */,
				233C00A120130E7B00C6A6D8 /* BackView.m in Sources */,
				233C00AA2013300900C6A6D8 /* NSViewCtrlLeft.m in Sources */,
				233C00B32013A09300C6A6D8 /* NSTbleView4.m in Sources */,
				233C007120130B3000C6A6D8 /* main.m in Sources */,
				233C006E20130B3000C6A6D8 /* AppDelegate.m in Sources */,
			);
			runOnlyForDeploymentPostprocessing = 0;
		};
		233C007B20130B3000C6A6D8 /* Sources */ = {
			isa = PBXSourcesBuildPhase;
			buildActionMask = 2147483647;
			files = (
				233C008420130B3000C6A6D8 /* SplitViewProjectTests.m in Sources */,
			);
			runOnlyForDeploymentPostprocessing = 0;
		};
		233C008620130B3000C6A6D8 /* Sources */ = {
			isa = PBXSourcesBuildPhase;
			buildActionMask = 2147483647;
			files = (
				233C008F20130B3000C6A6D8 /* SplitViewProjectUITests.m in Sources */,
			);
			runOnlyForDeploymentPostprocessing = 0;
		};
/* End PBXSourcesBuildPhase section */

/* Begin PBXTargetDependency section */
		233C008120130B3000C6A6D8 /* PBXTargetDependency */ = {
			isa = PBXTargetDependency;
			target = 233C006820130B3000C6A6D8 /* SplitViewProject */;
			targetProxy = 233C008020130B3000C6A6D8 /* PBXContainerItemProxy */;
		};
		233C008C20130B3000C6A6D8 /* PBXTargetDependency */ = {
			isa = PBXTargetDependency;
			target = 233C006820130B3000C6A6D8 /* SplitViewProject */;
			targetProxy = 233C008B20130B3000C6A6D8 /* PBXContainerItemProxy */;
		};
/* End PBXTargetDependency section */

/* Begin PBXVariantGroup section */
		233C007720130B3000C6A6D8 /* Main.storyboard */ = {
			isa = PBXVariantGroup;
			children = (
				233C007820130B3000C6A6D8 /* Base */,
			);
			name = Main.storyboard;
			sourceTree = "<group>";
		};
/* End PBXVariantGroup section */

/* Begin XCBuildConfiguration section */
		233C009120130B3000C6A6D8 /* Debug */ = {
			isa = XCBuildConfiguration;
			buildSettings = {
				ALWAYS_SEARCH_USER_PATHS = NO;
				CLANG_ANALYZER_NONNULL = YES;
				CLANG_CXX_LANGUAGE_STANDARD = "gnu++0x";
				CLANG_CXX_LIBRARY = "libc++";
				CLANG_ENABLE_MODULES = YES;
				CLANG_ENABLE_OBJC_ARC = YES;
				CLANG_WARN_BOOL_CONVERSION = YES;
				CLANG_WARN_CONSTANT_CONVERSION = YES;
				CLANG_WARN_DIRECT_OBJC_ISA_USAGE = YES_ERROR;
				CLANG_WARN_EMPTY_BODY = YES;
				CLANG_WARN_ENUM_CONVERSION = YES;
				CLANG_WARN_INT_CONVERSION = YES;
				CLANG_WARN_OBJC_ROOT_CLASS = YES_ERROR;
				CLANG_WARN_UNREACHABLE_CODE = YES;
				CLANG_WARN__DUPLICATE_METHOD_MATCH = YES;
				CODE_SIGN_IDENTITY = "-";
				COPY_PHASE_STRIP = NO;
				DEBUG_INFORMATION_FORMAT = dwarf;
				ENABLE_STRICT_OBJC_MSGSEND = YES;
				ENABLE_TESTABILITY = YES;
				GCC_C_LANGUAGE_STANDARD = gnu99;
				GCC_DYNAMIC_NO_PIC = NO;
				GCC_NO_COMMON_BLOCKS = YES;
				GCC_OPTIMIZATION_LEVEL = 0;
				GCC_PREPROCESSOR_DEFINITIONS = (
					"DEBUG=1",
					"$(inherited)",
				);
				GCC_WARN_64_TO_32_BIT_CONVERSION = YES;
				GCC_WARN_ABOUT_RETURN_TYPE = YES_ERROR;
				GCC_WARN_UNDECLARED_SELECTOR = YES;
				GCC_WARN_UNINITIALIZED_AUTOS = YES_AGGRESSIVE;
				GCC_WARN_UNUSED_FUNCTION = YES;
				GCC_WARN_UNUSED_VARIABLE = YES;
				MACOSX_DEPLOYMENT_TARGET = 10.12;
				MTL_ENABLE_DEBUG_INFO = YES;
				ONLY_ACTIVE_ARCH = YES;
				SDKROOT = macosx;
			};
			name = Debug;
		};
		233C009220130B3000C6A6D8 /* Release */ = {
			isa = XCBuildConfiguration;
			buildSettings = {
				ALWAYS_SEARCH_USER_PATHS = NO;
				CLANG_ANALYZER_NONNULL = YES;
				CLANG_CXX_LANGUAGE_STANDARD = "gnu++0x";
				CLANG_CXX_LIBRARY = "libc++";
				CLANG_ENABLE_MODULES = YES;
				CLANG_ENABLE_OBJC_ARC = YES;
				CLANG_WARN_BOOL_CONVERSION = YES;
				CLANG_WARN_CONSTANT_CONVERSION = YES;
				CLANG_WARN_DIRECT_OBJC_ISA_USAGE = YES_ERROR;
				CLANG_WARN_EMPTY_BODY = YES;
				CLANG_WARN_ENUM_CONVERSION = YES;
				CLANG_WARN_INT_CONVERSION = YES;
				CLANG_WARN_OBJC_ROOT_CLASS = YES_ERROR;
				CLANG_WARN_UNREACHABLE_CODE = YES;
				CLANG_WARN__DUPLICATE_METHOD_MATCH = YES;
				CODE_SIGN_IDENTITY = "-";
				COPY_PHASE_STRIP = NO;
				DEBUG_INFORMATION_FORMAT = "dwarf-with-dsym";
				ENABLE_NS_ASSERTIONS = NO;
				ENABLE_STRICT_OBJC_MSGSEND = YES;
				GCC_C_LANGUAGE_STANDARD = gnu99;
				GCC_NO_COMMON_BLOCKS = YES;
				GCC_WARN_64_TO_32_BIT_CONVERSION = YES;
				GCC_WARN_ABOUT_RETURN_TYPE = YES_ERROR;
				GCC_WARN_UNDECLARED_SELECTOR = YES;
				GCC_WARN_UNINITIALIZED_AUTOS = YES_AGGRESSIVE;
				GCC_WARN_UNUSED_FUNCTION = YES;
				GCC_WARN_UNUSED_VARIABLE = YES;
				MACOSX_DEPLOYMENT_TARGET = 10.12;
				MTL_ENABLE_DEBUG_INFO = NO;
				SDKROOT = macosx;
			};
			name = Release;
		};
		233C009420130B3000C6A6D8 /* Debug */ = {
			isa = XCBuildConfiguration;
			buildSettings = {
				ASSETCATALOG_COMPILER_APPICON_NAME = AppIcon;
				COMBINE_HIDPI_IMAGES = YES;
				INFOPLIST_FILE = SplitViewProject/Info.plist;
				LD_RUNPATH_SEARCH_PATHS = "$(inherited) @executable_path/../Frameworks";
				PRODUCT_BUNDLE_IDENTIFIER = com.app.SplitViewProject;
				PRODUCT_NAME = "$(TARGET_NAME)";
			};
			name = Debug;
		};
		233C009520130B3000C6A6D8 /* Release */ = {
			isa = XCBuildConfiguration;
			buildSettings = {
				ASSETCATALOG_COMPILER_APPICON_NAME = AppIcon;
				COMBINE_HIDPI_IMAGES = YES;
				INFOPLIST_FILE = SplitViewProject/Info.plist;
				LD_RUNPATH_SEARCH_PATHS = "$(inherited) @executable_path/../Frameworks";
				PRODUCT_BUNDLE_IDENTIFIER = com.app.SplitViewProject;
				PRODUCT_NAME = "$(TARGET_NAME)";
			};
			name = Release;
		};
		233C009720130B3000C6A6D8 /* Debug */ = {
			isa = XCBuildConfiguration;
			buildSettings = {
				BUNDLE_LOADER = "$(TEST_HOST)";
				COMBINE_HIDPI_IMAGES = YES;
				INFOPLIST_FILE = SplitViewProjectTests/Info.plist;
				LD_RUNPATH_SEARCH_PATHS = "$(inherited) @executable_path/../Frameworks @loader_path/../Frameworks";
				PRODUCT_BUNDLE_IDENTIFIER = com.app.SplitViewProjectTests;
				PRODUCT_NAME = "$(TARGET_NAME)";
				TEST_HOST = "$(BUILT_PRODUCTS_DIR)/SplitViewProject.app/Contents/MacOS/SplitViewProject";
			};
			name = Debug;
		};
		233C009820130B3000C6A6D8 /* Release */ = {
			isa = XCBuildConfiguration;
			buildSettings = {
				BUNDLE_LOADER = "$(TEST_HOST)";
				COMBINE_HIDPI_IMAGES = YES;
				INFOPLIST_FILE = SplitViewProjectTests/Info.plist;
				LD_RUNPATH_SEARCH_PATHS = "$(inherited) @executable_path/../Frameworks @loader_path/../Frameworks";
				PRODUCT_BUNDLE_IDENTIFIER = com.app.SplitViewProjectTests;
				PRODUCT_NAME = "$(TARGET_NAME)";
				TEST_HOST = "$(BUILT_PRODUCTS_DIR)/SplitViewProject.app/Contents/MacOS/SplitViewProject";
			};
			name = Release;
		};
		233C009A20130B3000C6A6D8 /* Debug */ = {
			isa = XCBuildConfiguration;
			buildSettings = {
				COMBINE_HIDPI_IMAGES = YES;
				INFOPLIST_FILE = SplitViewProjectUITests/Info.plist;
				LD_RUNPATH_SEARCH_PATHS = "$(inherited) @executable_path/../Frameworks @loader_path/../Frameworks";
				PRODUCT_BUNDLE_IDENTIFIER = com.app.SplitViewProjectUITests;
				PRODUCT_NAME = "$(TARGET_NAME)";
				TEST_TARGET_NAME = SplitViewProject;
			};
			name = Debug;
		};
		233C009B20130B3000C6A6D8 /* Release */ = {
			isa = XCBuildConfiguration;
			buildSettings = {
				COMBINE_HIDPI_IMAGES = YES;
				INFOPLIST_FILE = SplitViewProjectUITests/Info.plist;
				LD_RUNPATH_SEARCH_PATHS = "$(inherited) @executable_path/../Frameworks @loader_path/../Frameworks";
				PRODUCT_BUNDLE_IDENTIFIER = com.app.SplitViewProjectUITests;
				PRODUCT_NAME = "$(TARGET_NAME)";
				TEST_TARGET_NAME = SplitViewProject;
			};
			name = Release;
		};
/* End XCBuildConfiguration section */

/* Begin XCConfigurationList section */
		233C006420130B3000C6A6D8 /* Build configuration list for PBXProject "SplitViewProject" */ = {
			isa = XCConfigurationList;
			buildConfigurations = (
				233C009120130B3000C6A6D8 /* Debug */,
				233C009220130B3000C6A6D8 /* Release */,
			);
			defaultConfigurationIsVisible = 0;
			defaultConfigurationName = Release;
		};
		233C009320130B3000C6A6D8 /* Build configuration list for PBXNativeTarget "SplitViewProject" */ = {
			isa = XCConfigurationList;
			buildConfigurations = (
				233C009420130B3000C6A6D8 /* Debug */,
				233C009520130B3000C6A6D8 /* Release */,
			);
			defaultConfigurationIsVisible = 0;
			defaultConfigurationName = Release;
		};
		233C009620130B3000C6A6D8 /* Build configuration list for PBXNativeTarget "SplitViewProjectTests" */ = {
			isa = XCConfigurationList;
			buildConfigurations = (
				233C009720130B3000C6A6D8 /* Debug */,
				233C009820130B3000C6A6D8 /* Release */,
			);
			defaultConfigurationIsVisible = 0;
			defaultConfigurationName = Release;
		};
		233C009920130B3000C6A6D8 /* Build configuration list for PBXNativeTarget "SplitViewProjectUITests" */ = {
			isa = XCConfigurationList;
			buildConfigurations = (
				233C009A20130B3000C6A6D8 /* Debug */,
				233C009B20130B3000C6A6D8 /* Release */,
			);
			defaultConfigurationIsVisible = 0;
			defaultConfigurationName = Release;
		};
/* End XCConfigurationList section */
	};
	rootObject = 233C006120130B3000C6A6D8 /* Project object */;
}
